
Microsoft Visual Studio Solution File, Format Version 12.00
# Visual Studio Version 17
VisualStudioVersion = 17.7.34221.43
MinimumVisualStudioVersion = 10.0.40219.1
Project("{FAE04EC0-301F-11D3-BF4B-00C04F79EFBC}") = "Lr3", "Lr3\Lr3.csproj", "{3A3FE580-D96F-40A9-8CC9-1736E93B764E}"
EndProject
Global
	GlobalSection(SolutionConfigurationPlatforms) = preSolution
		Debug|Any CPU = Debug|Any CPU
		Release|Any CPU = Release|Any CPU
	EndGlobalSection
	GlobalSection(ProjectConfigurationPlatforms) = postSolution
		{3A3FE580-D96F-40A9-8CC9-1736E93B764E}.Debug|Any CPU.ActiveCfg = Debug|Any CPU
		{3A3FE580-D96F-40A9-8CC9-1736E93B764E}.Debug|Any CPU.Build.0 = Debug|Any CPU
		{3A3FE580-D96F-40A9-8CC9-1736E93B764E}.Release|Any CPU.ActiveCfg = Release|Any CPU
		{3A3FE580-D96F-40A9-8CC9-1736E93B764E}.Release|Any CPU.Build.0 = Release|Any CPU
	EndGlobalSection
	GlobalSection(SolutionProperties) = preSolution
		HideSolutionNode = FALSE
	EndGlobalSection
	GlobalSection(ExtensibilityGlobals) = postSolution
		SolutionGuid = {DB52A987-1F8E-484E-80A8-E3B566E53A6F}
	EndGlobalSection
EndGlobal
